
Microsoft Visual Studio Solution File, Format Version 12.00
# Visual Studio Version 16
VisualStudioVersion = 16.0.31105.61
MinimumVisualStudioVersion = 10.0.40219.1
Project("{9A19103F-16F7-4668-BE54-9A1E7A4F7556}") = "LojaExemplo.Api", "LojaExemplo.Api\LojaExemplo.Api.csproj", "{6CDABA55-8886-483A-BDD0-E7EFD944EF79}"
EndProject
Project("{FAE04EC0-301F-11D3-BF4B-00C04F79EFBC}") = "LojaExemplo.Tests", "LojaExemplo.Tests\LojaExemplo.Tests.csproj", "{AAB2ADE3-7F00-40EF-9B6F-1D973B3B28E5}"
EndProject
Global
	GlobalSection(SolutionConfigurationPlatforms) = preSolution
		Debug|Any CPU = Debug|Any CPU
		Release|Any CPU = Release|Any CPU
	EndGlobalSection
	GlobalSection(ProjectConfigurationPlatforms) = postSolution
		{6CDABA55-8886-483A-BDD0-E7EFD944EF79}.Debug|Any CPU.ActiveCfg = Debug|Any CPU
		{6CDABA55-8886-483A-BDD0-E7EFD944EF79}.Debug|Any CPU.Build.0 = Debug|Any CPU
		{6CDABA55-8886-483A-BDD0-E7EFD944EF79}.Release|Any CPU.ActiveCfg = Release|Any CPU
		{6CDABA55-8886-483A-BDD0-E7EFD944EF79}.Release|Any CPU.Build.0 = Release|Any CPU
		{AAB2ADE3-7F00-40EF-9B6F-1D973B3B28E5}.Debug|Any CPU.ActiveCfg = Debug|Any CPU
		{AAB2ADE3-7F00-40EF-9B6F-1D973B3B28E5}.Debug|Any CPU.Build.0 = Debug|Any CPU
		{AAB2ADE3-7F00-40EF-9B6F-1D973B3B28E5}.Release|Any CPU.ActiveCfg = Release|Any CPU
		{AAB2ADE3-7F00-40EF-9B6F-1D973B3B28E5}.Release|Any CPU.Build.0 = Release|Any CPU
	EndGlobalSection
	GlobalSection(SolutionProperties) = preSolution
		HideSolutionNode = FALSE
	EndGlobalSection
	GlobalSection(ExtensibilityGlobals) = postSolution
		SolutionGuid = {94D91620-A6F3-4170-85B0-A4125392C3CE}
	EndGlobalSection
EndGlobal
